
Microsoft Visual Studio Solution File, Format Version 12.00
# Visual Studio Version 16
VisualStudioVersion = 16.0.29519.87
MinimumVisualStudioVersion = 10.0.40219.1
Project("{FAE04EC0-301F-11D3-BF4B-00C04F79EFBC}") = "IlPrincipeEIlMessaggero", "IlPrincipeEIlMessaggero\IlPrincipeEIlMessaggero.csproj", "{B8DB819D-D860-4413-9342-B277BC1F2AC9}"
EndProject
Global
	GlobalSection(SolutionConfigurationPlatforms) = preSolution
		Debug|Any CPU = Debug|Any CPU
		Release|Any CPU = Release|Any CPU
	EndGlobalSection
	GlobalSection(ProjectConfigurationPlatforms) = postSolution
		{B8DB819D-D860-4413-9342-B277BC1F2AC9}.Debug|Any CPU.ActiveCfg = Debug|Any CPU
		{B8DB819D-D860-4413-9342-B277BC1F2AC9}.Debug|Any CPU.Build.0 = Debug|Any CPU
		{B8DB819D-D860-4413-9342-B277BC1F2AC9}.Release|Any CPU.ActiveCfg = Release|Any CPU
		{B8DB819D-D860-4413-9342-B277BC1F2AC9}.Release|Any CPU.Build.0 = Release|Any CPU
	EndGlobalSection
	GlobalSection(SolutionProperties) = preSolution
		HideSolutionNode = FALSE
	EndGlobalSection
	GlobalSection(ExtensibilityGlobals) = postSolution
		SolutionGuid = {698E3C2B-53BB-4471-8C48-0E4E40F30798}
	EndGlobalSection
EndGlobal
